// !$*UTF8*$!
{
	archiveVersion = 1;
	classes = {
	};
	objectVersion = 55;
	objects = {

/* Begin PBXBuildFile section */
		E0CEB98B2850807D00F8E7DC /* AppDelegate.swift in Sources */ = {isa = PBXBuildFile; fileRef = E0CEB98A2850807D00F8E7DC /* AppDelegate.swift */; };
		E0CEB98D2850807D00F8E7DC /* SceneDelegate.swift in Sources */ = {isa = PBXBuildFile; fileRef = E0CEB98C2850807D00F8E7DC /* SceneDelegate.swift */; };
		E0CEB9942850807F00F8E7DC /* Assets.xcassets in Resources */ = {isa = PBXBuildFile; fileRef = E0CEB9932850807F00F8E7DC /* Assets.xcassets */; };
		E0CEB9972850807F00F8E7DC /* LaunchScreen.storyboard in Resources */ = {isa = PBXBuildFile; fileRef = E0CEB9952850807F00F8E7DC /* LaunchScreen.storyboard */; };
		E0CEB99F2850810900F8E7DC /* Main.storyboard in Resources */ = {isa = PBXBuildFile; fileRef = E0CEB99E2850810900F8E7DC /* Main.storyboard */; };
		E0CEB9A22850817200F8E7DC /* MovieTableViewController.swift in Sources */ = {isa = PBXBuildFile; fileRef = E0CEB9A12850817200F8E7DC /* MovieTableViewController.swift */; };
		E0CEB9A42850817600F8E7DC /* MovieController.swift in Sources */ = {isa = PBXBuildFile; fileRef = E0CEB9A32850817600F8E7DC /* MovieController.swift */; };
		E0CEB9A62850817B00F8E7DC /* MovieTableViewCell.swift in Sources */ = {isa = PBXBuildFile; fileRef = E0CEB9A52850817B00F8E7DC /* MovieTableViewCell.swift */; };
		E0CEB9A82850817F00F8E7DC /* Movie.swift in Sources */ = {isa = PBXBuildFile; fileRef = E0CEB9A72850817F00F8E7DC /* Movie.swift */; };
/* End PBXBuildFile section */

/* Begin PBXFileReference section */
		E0CEB9872850807D00F8E7DC /* FewMovies.app */ = {isa = PBXFileReference; explicitFileType = wrapper.application; includeInIndex = 0; path = FewMovies.app; sourceTree = BUILT_PRODUCTS_DIR; };
		E0CEB98A2850807D00F8E7DC /* AppDelegate.swift */ = {isa = PBXFileReference; lastKnownFileType = sourcecode.swift; path = AppDelegate.swift; sourceTree = "<group>"; };
		E0CEB98C2850807D00F8E7DC /* SceneDelegate.swift */ = {isa = PBXFileReference; lastKnownFileType = sourcecode.swift; path = SceneDelegate.swift; sourceTree = "<group>"; };
		E0CEB9932850807F00F8E7DC /* Assets.xcassets */ = {isa = PBXFileReference; lastKnownFileType = folder.assetcatalog; path = Assets.xcassets; sourceTree = "<group>"; };
		E0CEB9962850807F00F8E7DC /* Base */ = {isa = PBXFileReference; lastKnownFileType = file.storyboard; name = Base; path = Base.lproj/LaunchScreen.storyboard; sourceTree = "<group>"; };
		E0CEB9982850807F00F8E7DC /* Info.plist */ = {isa = PBXFileReference; lastKnownFileType = text.plist.xml; name = Info.plist; path = FewMovies/Resourses/Info.plist; sourceTree = SOURCE_ROOT; };
		E0CEB99E2850810900F8E7DC /* Main.storyboard */ = {isa = PBXFileReference; fileEncoding = 4; lastKnownFileType = file.storyboard; path = Main.storyboard; sourceTree = "<group>"; };
		E0CEB9A12850817200F8E7DC /* MovieTableViewController.swift */ = {isa = PBXFileReference; fileEncoding = 4; lastKnownFileType = sourcecode.swift; path = MovieTableViewController.swift; sourceTree = "<group>"; };
		E0CEB9A32850817600F8E7DC /* MovieController.swift */ = {isa = PBXFileReference; fileEncoding = 4; lastKnownFileType = sourcecode.swift; path = MovieController.swift; sourceTree = "<group>"; };
		E0CEB9A52850817B00F8E7DC /* MovieTableViewCell.swift */ = {isa = PBXFileReference; fileEncoding = 4; lastKnownFileType = sourcecode.swift; path = MovieTableViewCell.swift; sourceTree = "<group>"; };
		E0CEB9A72850817F00F8E7DC /* Movie.swift */ = {isa = PBXFileReference; fileEncoding = 4; lastKnownFileType = sourcecode.swift; path = Movie.swift; sourceTree = "<group>"; };
/* End PBXFileReference section */

/* Begin PBXFrameworksBuildPhase section */
		E0CEB9842850807D00F8E7DC /* Frameworks */ = {
			isa = PBXFrameworksBuildPhase;
			buildActionMask = 2147483647;
			files = (
			);
			runOnlyForDeploymentPostprocessing = 0;
		};
/* End PBXFrameworksBuildPhase section */

/* Begin PBXGroup section */
		E0382BB1285083EA00F81F2C /* Model */ = {
			isa = PBXGroup;
			children = (
				E0CEB9A72850817F00F8E7DC /* Movie.swift */,
			);
			path = Model;
			sourceTree = "<group>";
		};
		E0382BB2285083F100F81F2C /* Controller */ = {
			isa = PBXGroup;
			children = (
				E0CEB9A12850817200F8E7DC /* MovieTableViewController.swift */,
			);
			path = Controller;
			sourceTree = "<group>";
		};
		E0382BB3285083FE00F81F2C /* View */ = {
			isa = PBXGroup;
			children = (
				E0CEB99E2850810900F8E7DC /* Main.storyboard */,
				E0CEB9952850807F00F8E7DC /* LaunchScreen.storyboard */,
				E0CEB9A52850817B00F8E7DC /* MovieTableViewCell.swift */,
			);
			path = View;
			sourceTree = "<group>";
		};
		E0382BB42850842000F81F2C /* ModelController */ = {
			isa = PBXGroup;
			children = (
				E0CEB9A32850817600F8E7DC /* MovieController.swift */,
			);
			path = ModelController;
			sourceTree = "<group>";
		};
		E0CEB97E2850807D00F8E7DC = {
			isa = PBXGroup;
			children = (
				E0CEB9892850807D00F8E7DC /* FewMovies */,
				E0CEB9882850807D00F8E7DC /* Products */,
			);
			sourceTree = "<group>";
		};
		E0CEB9882850807D00F8E7DC /* Products */ = {
			isa = PBXGroup;
			children = (
				E0CEB9872850807D00F8E7DC /* FewMovies.app */,
			);
			name = Products;
			sourceTree = "<group>";
		};
		E0CEB9892850807D00F8E7DC /* FewMovies */ = {
			isa = PBXGroup;
			children = (
				E0CEB9A02850814D00F8E7DC /* Resourses */,
				E0382BB1285083EA00F81F2C /* Model */,
				E0382BB3285083FE00F81F2C /* View */,
				E0382BB42850842000F81F2C /* ModelController */,
				E0382BB2285083F100F81F2C /* Controller */,
			);
			path = FewMovies;
			sourceTree = "<group>";
		};
		E0CEB9A02850814D00F8E7DC /* Resourses */ = {
			isa = PBXGroup;
			children = (
				E0CEB98C2850807D00F8E7DC /* SceneDelegate.swift */,
				E0CEB98A2850807D00F8E7DC /* AppDelegate.swift */,
				E0CEB9932850807F00F8E7DC /* Assets.xcassets */,
				E0CEB9982850807F00F8E7DC /* Info.plist */,
			);
			path = Resourses;
			sourceTree = "<group>";
		};
/* End PBXGroup section */

/* Begin PBXNativeTarget section */
		E0CEB9862850807D00F8E7DC /* FewMovies */ = {
			isa = PBXNativeTarget;
			buildConfigurationList = E0CEB99B2850807F00F8E7DC /* Build configuration list for PBXNativeTarget "FewMovies" */;
			buildPhases = (
				E0CEB9832850807D00F8E7DC /* Sources */,
				E0CEB9842850807D00F8E7DC /* Frameworks */,
				E0CEB9852850807D00F8E7DC /* Resources */,
			);
			buildRules = (
			);
			dependencies = (
			);
			name = FewMovies;
			productName = FewMovies;
			productReference = E0CEB9872850807D00F8E7DC /* FewMovies.app */;
			productType = "com.apple.product-type.application";
		};
/* End PBXNativeTarget section */

/* Begin PBXProject section */
		E0CEB97F2850807D00F8E7DC /* Project object */ = {
			isa = PBXProject;
			attributes = {
				BuildIndependentTargetsInParallel = 1;
				LastSwiftUpdateCheck = 1330;
				LastUpgradeCheck = 1330;
				TargetAttributes = {
					E0CEB9862850807D00F8E7DC = {
						CreatedOnToolsVersion = 13.3.1;
					};
				};
			};
			buildConfigurationList = E0CEB9822850807D00F8E7DC /* Build configuration list for PBXProject "FewMovies" */;
			compatibilityVersion = "Xcode 13.0";
			developmentRegion = en;
			hasScannedForEncodings = 0;
			knownRegions = (
				en,
				Base,
			);
			mainGroup = E0CEB97E2850807D00F8E7DC;
			productRefGroup = E0CEB9882850807D00F8E7DC /* Products */;
			projectDirPath = "";
			projectRoot = "";
			targets = (
				E0CEB9862850807D00F8E7DC /* FewMovies */,
			);
		};
/* End PBXProject section */

/* Begin PBXResourcesBuildPhase section */
		E0CEB9852850807D00F8E7DC /* Resources */ = {
			isa = PBXResourcesBuildPhase;
			buildActionMask = 2147483647;
			files = (
				E0CEB99F2850810900F8E7DC /* Main.storyboard in Resources */,
				E0CEB9972850807F00F8E7DC /* LaunchScreen.storyboard in Resources */,
				E0CEB9942850807F00F8E7DC /* Assets.xcassets in Resources */,
			);
			runOnlyForDeploymentPostprocessing = 0;
		};
/* End PBXResourcesBuildPhase section */

/* Begin PBXSourcesBuildPhase section */
		E0CEB9832850807D00F8E7DC /* Sources */ = {
			isa = PBXSourcesBuildPhase;
			buildActionMask = 2147483647;
			files = (
				E0CEB9A82850817F00F8E7DC /* Movie.swift in Sources */,
				E0CEB9A22850817200F8E7DC /* MovieTableViewController.swift in Sources */,
				E0CEB9A42850817600F8E7DC /* MovieController.swift in Sources */,
				E0CEB9A62850817B00F8E7DC /* MovieTableViewCell.swift in Sources */,
				E0CEB98B2850807D00F8E7DC /* AppDelegate.swift in Sources */,
				E0CEB98D2850807D00F8E7DC /* SceneDelegate.swift in Sources */,
			);
			runOnlyForDeploymentPostprocessing = 0;
		};
/* End PBXSourcesBuildPhase section */

/* Begin PBXVariantGroup section */
		E0CEB9952850807F00F8E7DC /* LaunchScreen.storyboard */ = {
			isa = PBXVariantGroup;
			children = (
				E0CEB9962850807F00F8E7DC /* Base */,
			);
			name = LaunchScreen.storyboard;
			sourceTree = "<group>";
		};
/* End PBXVariantGroup section */

/* Begin XCBuildConfiguration section */
		E0CEB9992850807F00F8E7DC /* Debug */ = {
			isa = XCBuildConfiguration;
			buildSettings = {
				ALWAYS_SEARCH_USER_PATHS = NO;
				CLANG_ANALYZER_NONNULL = YES;
				CLANG_ANALYZER_NUMBER_OBJECT_CONVERSION = YES_AGGRESSIVE;
				CLANG_CXX_LANGUAGE_STANDARD = "gnu++17";
				CLANG_ENABLE_MODULES = YES;
				CLANG_ENABLE_OBJC_ARC = YES;
				CLANG_ENABLE_OBJC_WEAK = YES;
				CLANG_WARN_BLOCK_CAPTURE_AUTORELEASING = YES;
				CLANG_WARN_BOOL_CONVERSION = YES;
				CLANG_WARN_COMMA = YES;
				CLANG_WARN_CONSTANT_CONVERSION = YES;
				CLANG_WARN_DEPRECATED_OBJC_IMPLEMENTATIONS = YES;
				CLANG_WARN_DIRECT_OBJC_ISA_USAGE = YES_ERROR;
				CLANG_WARN_DOCUMENTATION_COMMENTS = YES;
				CLANG_WARN_EMPTY_BODY = YES;
				CLANG_WARN_ENUM_CONVERSION = YES;
				CLANG_WARN_INFINITE_RECURSION = YES;
				CLANG_WARN_INT_CONVERSION = YES;
				CLANG_WARN_NON_LITERAL_NULL_CONVERSION = YES;
				CLANG_WARN_OBJC_IMPLICIT_RETAIN_SELF = YES;
				CLANG_WARN_OBJC_LITERAL_CONVERSION = YES;
				CLANG_WARN_OBJC_ROOT_CLASS = YES_ERROR;
				CLANG_WARN_QUOTED_INCLUDE_IN_FRAMEWORK_HEADER = YES;
				CLANG_WARN_RANGE_LOOP_ANALYSIS = YES;
				CLANG_WARN_STRICT_PROTOTYPES = YES;
				CLANG_WARN_SUSPICIOUS_MOVE = YES;
				CLANG_WARN_UNGUARDED_AVAILABILITY = YES_AGGRESSIVE;
				CLANG_WARN_UNREACHABLE_CODE = YES;
				CLANG_WARN__DUPLICATE_METHOD_MATCH = YES;
				COPY_PHASE_STRIP = NO;
				DEBUG_INFORMATION_FORMAT = dwarf;
				ENABLE_STRICT_OBJC_MSGSEND = YES;
				ENABLE_TESTABILITY = YES;
				GCC_C_LANGUAGE_STANDARD = gnu11;
				GCC_DYNAMIC_NO_PIC = NO;
				GCC_NO_COMMON_BLOCKS = YES;
				GCC_OPTIMIZATION_LEVEL = 0;
				GCC_PREPROCESSOR_DEFINITIONS = (
					"DEBUG=1",
					"$(inherited)",
				);
				GCC_WARN_64_TO_32_BIT_CONVERSION = YES;
				GCC_WARN_ABOUT_RETURN_TYPE = YES_ERROR;
				GCC_WARN_UNDECLARED_SELECTOR = YES;
				GCC_WARN_UNINITIALIZED_AUTOS = YES_AGGRESSIVE;
				GCC_WARN_UNUSED_FUNCTION = YES;
				GCC_WARN_UNUSED_VARIABLE = YES;
				IPHONEOS_DEPLOYMENT_TARGET = 15.4;
				MTL_ENABLE_DEBUG_INFO = INCLUDE_SOURCE;
				MTL_FAST_MATH = YES;
				ONLY_ACTIVE_ARCH = YES;
				SDKROOT = iphoneos;
				SWIFT_ACTIVE_COMPILATION_CONDITIONS = DEBUG;
				SWIFT_OPTIMIZATION_LEVEL = "-Onone";
			};
			name = Debug;
		};
		E0CEB99A2850807F00F8E7DC /* Release */ = {
			isa = XCBuildConfiguration;
			buildSettings = {
				ALWAYS_SEARCH_USER_PATHS = NO;
				CLANG_ANALYZER_NONNULL = YES;
				CLANG_ANALYZER_NUMBER_OBJECT_CONVERSION = YES_AGGRESSIVE;
				CLANG_CXX_LANGUAGE_STANDARD = "gnu++17";
				CLANG_ENABLE_MODULES = YES;
				CLANG_ENABLE_OBJC_ARC = YES;
				CLANG_ENABLE_OBJC_WEAK = YES;
				CLANG_WARN_BLOCK_CAPTURE_AUTORELEASING = YES;
				CLANG_WARN_BOOL_CONVERSION = YES;
				CLANG_WARN_COMMA = YES;
				CLANG_WARN_CONSTANT_CONVERSION = YES;
				CLANG_WARN_DEPRECATED_OBJC_IMPLEMENTATIONS = YES;
				CLANG_WARN_DIRECT_OBJC_ISA_USAGE = YES_ERROR;
				CLANG_WARN_DOCUMENTATION_COMMENTS = YES;
				CLANG_WARN_EMPTY_BODY = YES;
				CLANG_WARN_ENUM_CONVERSION = YES;
				CLANG_WARN_INFINITE_RECURSION = YES;
				CLANG_WARN_INT_CONVERSION = YES;
				CLANG_WARN_NON_LITERAL_NULL_CONVERSION = YES;
				CLANG_WARN_OBJC_IMPLICIT_RETAIN_SELF = YES;
				CLANG_WARN_OBJC_LITERAL_CONVERSION = YES;
				CLANG_WARN_OBJC_ROOT_CLASS = YES_ERROR;
				CLANG_WARN_QUOTED_INCLUDE_IN_FRAMEWORK_HEADER = YES;
				CLANG_WARN_RANGE_LOOP_ANALYSIS = YES;
				CLANG_WARN_STRICT_PROTOTYPES = YES;
				CLANG_WARN_SUSPICIOUS_MOVE = YES;
				CLANG_WARN_UNGUARDED_AVAILABILITY = YES_AGGRESSIVE;
				CLANG_WARN_UNREACHABLE_CODE = YES;
				CLANG_WARN__DUPLICATE_METHOD_MATCH = YES;
				COPY_PHASE_STRIP = NO;
				DEBUG_INFORMATION_FORMAT = "dwarf-with-dsym";
				ENABLE_NS_ASSERTIONS = NO;
				ENABLE_STRICT_OBJC_MSGSEND = YES;
				GCC_C_LANGUAGE_STANDARD = gnu11;
				GCC_NO_COMMON_BLOCKS = YES;
				GCC_WARN_64_TO_32_BIT_CONVERSION = YES;
				GCC_WARN_ABOUT_RETURN_TYPE = YES_ERROR;
				GCC_WARN_UNDECLARED_SELECTOR = YES;
				GCC_WARN_UNINITIALIZED_AUTOS = YES_AGGRESSIVE;
				GCC_WARN_UNUSED_FUNCTION = YES;
				GCC_WARN_UNUSED_VARIABLE = YES;
				IPHONEOS_DEPLOYMENT_TARGET = 15.4;
				MTL_ENABLE_DEBUG_INFO = NO;
				MTL_FAST_MATH = YES;
				SDKROOT = iphoneos;
				SWIFT_COMPILATION_MODE = wholemodule;
				SWIFT_OPTIMIZATION_LEVEL = "-O";
				VALIDATE_PRODUCT = YES;
			};
			name = Release;
		};
		E0CEB99C2850807F00F8E7DC /* Debug */ = {
			isa = XCBuildConfiguration;
			buildSettings = {
				ASSETCATALOG_COMPILER_APPICON_NAME = AppIcon;
				ASSETCATALOG_COMPILER_GLOBAL_ACCENT_COLOR_NAME = AccentColor;
				CODE_SIGN_STYLE = Automatic;
				CURRENT_PROJECT_VERSION = 1;
				DEVELOPMENT_TEAM = 9FUH842T98;
				GENERATE_INFOPLIST_FILE = YES;
				INFOPLIST_FILE = FewMovies/Resourses/Info.plist;
				INFOPLIST_KEY_UIApplicationSupportsIndirectInputEvents = YES;
				INFOPLIST_KEY_UILaunchStoryboardName = LaunchScreen;
				INFOPLIST_KEY_UIMainStoryboardFile = Main;
				INFOPLIST_KEY_UISupportedInterfaceOrientations_iPad = "UIInterfaceOrientationPortrait UIInterfaceOrientationPortraitUpsideDown UIInterfaceOrientationLandscapeLeft UIInterfaceOrientationLandscapeRight";
				INFOPLIST_KEY_UISupportedInterfaceOrientations_iPhone = "UIInterfaceOrientationPortrait UIInterfaceOrientationLandscapeLeft UIInterfaceOrientationLandscapeRight";
				LD_RUNPATH_SEARCH_PATHS = (
					"$(inherited)",
					"@executable_path/Frameworks",
				);
				MARKETING_VERSION = 1.0;
				PRODUCT_BUNDLE_IDENTIFIER = fewcher.FewMovies;
				PRODUCT_NAME = "$(TARGET_NAME)";
				SWIFT_EMIT_LOC_STRINGS = YES;
				SWIFT_VERSION = 5.0;
				TARGETED_DEVICE_FAMILY = "1,2";
			};
			name = Debug;
		};
		E0CEB99D2850807F00F8E7DC /* Release */ = {
			isa = XCBuildConfiguration;
			buildSettings = {
				ASSETCATALOG_COMPILER_APPICON_NAME = AppIcon;
				ASSETCATALOG_COMPILER_GLOBAL_ACCENT_COLOR_NAME = AccentColor;
				CODE_SIGN_STYLE = Automatic;
				CURRENT_PROJECT_VERSION = 1;
				DEVELOPMENT_TEAM = 9FUH842T98;
				GENERATE_INFOPLIST_FILE = YES;
				INFOPLIST_FILE = FewMovies/Resourses/Info.plist;
				INFOPLIST_KEY_UIApplicationSupportsIndirectInputEvents = YES;
				INFOPLIST_KEY_UILaunchStoryboardName = LaunchScreen;
				INFOPLIST_KEY_UIMainStoryboardFile = Main;
				INFOPLIST_KEY_UISupportedInterfaceOrientations_iPad = "UIInterfaceOrientationPortrait UIInterfaceOrientationPortraitUpsideDown UIInterfaceOrientationLandscapeLeft UIInterfaceOrientationLandscapeRight";
				INFOPLIST_KEY_UISupportedInterfaceOrientations_iPhone = "UIInterfaceOrientationPortrait UIInterfaceOrientationLandscapeLeft UIInterfaceOrientationLandscapeRight";
				LD_RUNPATH_SEARCH_PATHS = (
					"$(inherited)",
					"@executable_path/Frameworks",
				);
				MARKETING_VERSION = 1.0;
				PRODUCT_BUNDLE_IDENTIFIER = fewcher.FewMovies;
				PRODUCT_NAME = "$(TARGET_NAME)";
				SWIFT_EMIT_LOC_STRINGS = YES;
				SWIFT_VERSION = 5.0;
				TARGETED_DEVICE_FAMILY = "1,2";
			};
			name = Release;
		};
/* End XCBuildConfiguration section */

/* Begin XCConfigurationList section */
		E0CEB9822850807D00F8E7DC /* Build configuration list for PBXProject "FewMovies" */ = {
			isa = XCConfigurationList;
			buildConfigurations = (
				E0CEB9992850807F00F8E7DC /* Debug */,
				E0CEB99A2850807F00F8E7DC /* Release */,
			);
			defaultConfigurationIsVisible = 0;
			defaultConfigurationName = Release;
		};
		E0CEB99B2850807F00F8E7DC /* Build configuration list for PBXNativeTarget "FewMovies" */ = {
			isa = XCConfigurationList;
			buildConfigurations = (
				E0CEB99C2850807F00F8E7DC /* Debug */,
				E0CEB99D2850807F00F8E7DC /* Release */,
			);
			defaultConfigurationIsVisible = 0;
			defaultConfigurationName = Release;
		};
/* End XCConfigurationList section */
	};
	rootObject = E0CEB97F2850807D00F8E7DC /* Project object */;
}
